{
  "name": "azot-example",
  "version": "1.0.0",
  "lockfileVersion": 3,
  "requires": true,
  "packages": {
    "": {
      "name": "azot-example",
      "version": "1.0.0",
      "license": "ISC",
      "dependencies": {
        "azot": "^0.0.1"
      }
    },
    "node_modules/azot": {
      "version": "0.0.1",
      "resolved": "https://registry.npmjs.org/azot/-/azot-0.0.1.tgz",
      "integrity": "sha512-qd8VtuBJgy0yXxL4BW8H/Kn5Ck4542mqkbvyHjHn3Bn8kY/tpTxvsz8BE8QdBoLE3k3xi0guMiujwnhh+mEeUw==",
      "license": "ISC"
    }
  }
}
